// !$*UTF8*$!
{
	archiveVersion = 1;
	classes = {
	};
	objectVersion = 46;
	objects = {

/* Begin PBXBuildFile section */
		EFA79B3F1C8E66A700803820 /* ZGRefreshHeaderView.m in Sources */ = {isa = PBXBuildFile; fileRef = EFA79B3E1C8E66A700803820 /* ZGRefreshHeaderView.m */; };
		EFA79B421C8E66B800803820 /* ZGRefreshFooterView.m in Sources */ = {isa = PBXBuildFile; fileRef = EFA79B411C8E66B800803820 /* ZGRefreshFooterView.m */; };
		EFC98AAD1C8D74CF00C71F14 /* main.m in Sources */ = {isa = PBXBuildFile; fileRef = EFC98AAC1C8D74CF00C71F14 /* main.m */; };
		EFC98AB01C8D74CF00C71F14 /* AppDelegate.m in Sources */ = {isa = PBXBuildFile; fileRef = EFC98AAF1C8D74CF00C71F14 /* AppDelegate.m */; };
		EFC98AB31C8D74CF00C71F14 /* ViewController.m in Sources */ = {isa = PBXBuildFile; fileRef = EFC98AB21C8D74CF00C71F14 /* ViewController.m */; };
		EFC98AB61C8D74CF00C71F14 /* Main.storyboard in Resources */ = {isa = PBXBuildFile; fileRef = EFC98AB41C8D74CF00C71F14 /* Main.storyboard */; };
		EFC98AB81C8D74CF00C71F14 /* Assets.xcassets in Resources */ = {isa = PBXBuildFile; fileRef = EFC98AB71C8D74CF00C71F14 /* Assets.xcassets */; };
		EFC98ABB1C8D74CF00C71F14 /* LaunchScreen.storyboard in Resources */ = {isa = PBXBuildFile; fileRef = EFC98AB91C8D74CF00C71F14 /* LaunchScreen.storyboard */; };
		EFC98AC61C8D74CF00C71F14 /* ZGRefreshTests.m in Sources */ = {isa = PBXBuildFile; fileRef = EFC98AC51C8D74CF00C71F14 /* ZGRefreshTests.m */; };
		EFC98AD11C8D74CF00C71F14 /* ZGRefreshUITests.m in Sources */ = {isa = PBXBuildFile; fileRef = EFC98AD01C8D74CF00C71F14 /* ZGRefreshUITests.m */; };
		EFC98AE21C8D83EB00C71F14 /* UITableView+ZGRefresh.m in Sources */ = {isa = PBXBuildFile; fileRef = EFC98AE11C8D83EB00C71F14 /* UITableView+ZGRefresh.m */; };
		EFC98AE51C8D8EC600C71F14 /* ZGTableView.m in Sources */ = {isa = PBXBuildFile; fileRef = EFC98AE41C8D8EC600C71F14 /* ZGTableView.m */; };
/* End PBXBuildFile section */

/* Begin PBXContainerItemProxy section */
		EFC98AC21C8D74CF00C71F14 /* PBXContainerItemProxy */ = {
			isa = PBXContainerItemProxy;
			containerPortal = EFC98AA01C8D74CE00C71F14 /* Project object */;
			proxyType = 1;
			remoteGlobalIDString = EFC98AA71C8D74CE00C71F14;
			remoteInfo = ZGRefresh;
		};
		EFC98ACD1C8D74CF00C71F14 /* PBXContainerItemProxy */ = {
			isa = PBXContainerItemProxy;
			containerPortal = EFC98AA01C8D74CE00C71F14 /* Project object */;
			proxyType = 1;
			remoteGlobalIDString = EFC98AA71C8D74CE00C71F14;
			remoteInfo = ZGRefresh;
		};
/* End PBXContainerItemProxy section */

/* Begin PBXFileReference section */
		EFA79B3D1C8E66A700803820 /* ZGRefreshHeaderView.h */ = {isa = PBXFileReference; fileEncoding = 4; lastKnownFileType = sourcecode.c.h; path = ZGRefreshHeaderView.h; sourceTree = "<group>"; };
		EFA79B3E1C8E66A700803820 /* ZGRefreshHeaderView.m */ = {isa = PBXFileReference; fileEncoding = 4; lastKnownFileType = sourcecode.c.objc; path = ZGRefreshHeaderView.m; sourceTree = "<group>"; };
		EFA79B401C8E66B800803820 /* ZGRefreshFooterView.h */ = {isa = PBXFileReference; fileEncoding = 4; lastKnownFileType = sourcecode.c.h; path = ZGRefreshFooterView.h; sourceTree = "<group>"; };
		EFA79B411C8E66B800803820 /* ZGRefreshFooterView.m */ = {isa = PBXFileReference; fileEncoding = 4; lastKnownFileType = sourcecode.c.objc; path = ZGRefreshFooterView.m; sourceTree = "<group>"; };
		EFC98AA81C8D74CF00C71F14 /* ZGRefresh.app */ = {isa = PBXFileReference; explicitFileType = wrapper.application; includeInIndex = 0; path = ZGRefresh.app; sourceTree = BUILT_PRODUCTS_DIR; };
		EFC98AAC1C8D74CF00C71F14 /* main.m */ = {isa = PBXFileReference; lastKnownFileType = sourcecode.c.objc; path = main.m; sourceTree = "<group>"; };
		EFC98AAE1C8D74CF00C71F14 /* AppDelegate.h */ = {isa = PBXFileReference; lastKnownFileType = sourcecode.c.h; path = AppDelegate.h; sourceTree = "<group>"; };
		EFC98AAF1C8D74CF00C71F14 /* AppDelegate.m */ = {isa = PBXFileReference; lastKnownFileType = sourcecode.c.objc; path = AppDelegate.m; sourceTree = "<group>"; };
		EFC98AB11C8D74CF00C71F14 /* ViewController.h */ = {isa = PBXFileReference; lastKnownFileType = sourcecode.c.h; path = ViewController.h; sourceTree = "<group>"; };
		EFC98AB21C8D74CF00C71F14 /* ViewController.m */ = {isa = PBXFileReference; lastKnownFileType = sourcecode.c.objc; path = ViewController.m; sourceTree = "<group>"; };
		EFC98AB51C8D74CF00C71F14 /* Base */ = {isa = PBXFileReference; lastKnownFileType = file.storyboard; name = Base; path = Base.lproj/Main.storyboard; sourceTree = "<group>"; };
		EFC98AB71C8D74CF00C71F14 /* Assets.xcassets */ = {isa = PBXFileReference; lastKnownFileType = folder.assetcatalog; path = Assets.xcassets; sourceTree = "<group>"; };
		EFC98ABA1C8D74CF00C71F14 /* Base */ = {isa = PBXFileReference; lastKnownFileType = file.storyboard; name = Base; path = Base.lproj/LaunchScreen.storyboard; sourceTree = "<group>"; };
		EFC98ABC1C8D74CF00C71F14 /* Info.plist */ = {isa = PBXFileReference; lastKnownFileType = text.plist.xml; path = Info.plist; sourceTree = "<group>"; };
		EFC98AC11C8D74CF00C71F14 /* ZGRefreshTests.xctest */ = {isa = PBXFileReference; explicitFileType = wrapper.cfbundle; includeInIndex = 0; path = ZGRefreshTests.xctest; sourceTree = BUILT_PRODUCTS_DIR; };
		EFC98AC51C8D74CF00C71F14 /* ZGRefreshTests.m */ = {isa = PBXFileReference; lastKnownFileType = sourcecode.c.objc; path = ZGRefreshTests.m; sourceTree = "<group>"; };
		EFC98AC71C8D74CF00C71F14 /* Info.plist */ = {isa = PBXFileReference; lastKnownFileType = text.plist.xml; path = Info.plist; sourceTree = "<group>"; };
		EFC98ACC1C8D74CF00C71F14 /* ZGRefreshUITests.xctest */ = {isa = PBXFileReference; explicitFileType = wrapper.cfbundle; includeInIndex = 0; path = ZGRefreshUITests.xctest; sourceTree = BUILT_PRODUCTS_DIR; };
		EFC98AD01C8D74CF00C71F14 /* ZGRefreshUITests.m */ = {isa = PBXFileReference; lastKnownFileType = sourcecode.c.objc; path = ZGRefreshUITests.m; sourceTree = "<group>"; };
		EFC98AD21C8D74CF00C71F14 /* Info.plist */ = {isa = PBXFileReference; lastKnownFileType = text.plist.xml; path = Info.plist; sourceTree = "<group>"; };
		EFC98AE01C8D83EB00C71F14 /* UITableView+ZGRefresh.h */ = {isa = PBXFileReference; fileEncoding = 4; lastKnownFileType = sourcecode.c.h; path = "UITableView+ZGRefresh.h"; sourceTree = "<group>"; };
		EFC98AE11C8D83EB00C71F14 /* UITableView+ZGRefresh.m */ = {isa = PBXFileReference; fileEncoding = 4; lastKnownFileType = sourcecode.c.objc; path = "UITableView+ZGRefresh.m"; sourceTree = "<group>"; };
		EFC98AE31C8D8EC600C71F14 /* ZGTableView.h */ = {isa = PBXFileReference; fileEncoding = 4; lastKnownFileType = sourcecode.c.h; path = ZGTableView.h; sourceTree = "<group>"; };
		EFC98AE41C8D8EC600C71F14 /* ZGTableView.m */ = {isa = PBXFileReference; fileEncoding = 4; lastKnownFileType = sourcecode.c.objc; path = ZGTableView.m; sourceTree = "<group>"; };
/* End PBXFileReference section */

/* Begin PBXFrameworksBuildPhase section */
		EFC98AA51C8D74CE00C71F14 /* Frameworks */ = {
			isa = PBXFrameworksBuildPhase;
			buildActionMask = 2147483647;
			files = (
			);
			runOnlyForDeploymentPostprocessing = 0;
		};
		EFC98ABE1C8D74CF00C71F14 /* Frameworks */ = {
			isa = PBXFrameworksBuildPhase;
			buildActionMask = 2147483647;
			files = (
			);
			runOnlyForDeploymentPostprocessing = 0;
		};
		EFC98AC91C8D74CF00C71F14 /* Frameworks */ = {
			isa = PBXFrameworksBuildPhase;
			buildActionMask = 2147483647;
			files = (
			);
			runOnlyForDeploymentPostprocessing = 0;
		};
/* End PBXFrameworksBuildPhase section */

/* Begin PBXGroup section */
		EFA79B3C1C8E669200803820 /* View */ = {
			isa = PBXGroup;
			children = (
				EFA79B3D1C8E66A700803820 /* ZGRefreshHeaderView.h */,
				EFA79B3E1C8E66A700803820 /* ZGRefreshHeaderView.m */,
				EFA79B401C8E66B800803820 /* ZGRefreshFooterView.h */,
				EFA79B411C8E66B800803820 /* ZGRefreshFooterView.m */,
			);
			path = View;
			sourceTree = "<group>";
		};
		EFC98A9F1C8D74CE00C71F14 = {
			isa = PBXGroup;
			children = (
				EFC98AAA1C8D74CF00C71F14 /* ZGRefresh */,
				EFC98AC41C8D74CF00C71F14 /* ZGRefreshTests */,
				EFC98ACF1C8D74CF00C71F14 /* ZGRefreshUITests */,
				EFC98AA91C8D74CF00C71F14 /* Products */,
			);
			sourceTree = "<group>";
		};
		EFC98AA91C8D74CF00C71F14 /* Products */ = {
			isa = PBXGroup;
			children = (
				EFC98AA81C8D74CF00C71F14 /* ZGRefresh.app */,
				EFC98AC11C8D74CF00C71F14 /* ZGRefreshTests.xctest */,
				EFC98ACC1C8D74CF00C71F14 /* ZGRefreshUITests.xctest */,
			);
			name = Products;
			sourceTree = "<group>";
		};
		EFC98AAA1C8D74CF00C71F14 /* ZGRefresh */ = {
			isa = PBXGroup;
			children = (
				EFC98ADE1C8D83A900C71F14 /* ZGRefresh */,
				EFC98AAE1C8D74CF00C71F14 /* AppDelegate.h */,
				EFC98AAF1C8D74CF00C71F14 /* AppDelegate.m */,
				EFC98AB11C8D74CF00C71F14 /* ViewController.h */,
				EFC98AB21C8D74CF00C71F14 /* ViewController.m */,
				EFC98AB41C8D74CF00C71F14 /* Main.storyboard */,
				EFC98AB71C8D74CF00C71F14 /* Assets.xcassets */,
				EFC98AB91C8D74CF00C71F14 /* LaunchScreen.storyboard */,
				EFC98ABC1C8D74CF00C71F14 /* Info.plist */,
				EFC98AAB1C8D74CF00C71F14 /* Supporting Files */,
			);
			path = ZGRefresh;
			sourceTree = "<group>";
		};
		EFC98AAB1C8D74CF00C71F14 /* Supporting Files */ = {
			isa = PBXGroup;
			children = (
				EFC98AAC1C8D74CF00C71F14 /* main.m */,
				EFC98AE31C8D8EC600C71F14 /* ZGTableView.h */,
				EFC98AE41C8D8EC600C71F14 /* ZGTableView.m */,
			);
			name = "Supporting Files";
			sourceTree = "<group>";
		};
		EFC98AC41C8D74CF00C71F14 /* ZGRefreshTests */ = {
			isa = PBXGroup;
			children = (
				EFC98AC51C8D74CF00C71F14 /* ZGRefreshTests.m */,
				EFC98AC71C8D74CF00C71F14 /* Info.plist */,
			);
			path = ZGRefreshTests;
			sourceTree = "<group>";
		};
		EFC98ACF1C8D74CF00C71F14 /* ZGRefreshUITests */ = {
			isa = PBXGroup;
			children = (
				EFC98AD01C8D74CF00C71F14 /* ZGRefreshUITests.m */,
				EFC98AD21C8D74CF00C71F14 /* Info.plist */,
			);
			path = ZGRefreshUITests;
			sourceTree = "<group>";
		};
		EFC98ADE1C8D83A900C71F14 /* ZGRefresh */ = {
			isa = PBXGroup;
			children = (
				EFA79B3C1C8E669200803820 /* View */,
				EFC98ADF1C8D83A900C71F14 /* Category */,
			);
			path = ZGRefresh;
			sourceTree = "<group>";
		};
		EFC98ADF1C8D83A900C71F14 /* Category */ = {
			isa = PBXGroup;
			children = (
				EFC98AE01C8D83EB00C71F14 /* UITableView+ZGRefresh.h */,
				EFC98AE11C8D83EB00C71F14 /* UITableView+ZGRefresh.m */,
			);
			path = Category;
			sourceTree = "<group>";
		};
/* End PBXGroup section */

/* Begin PBXNativeTarget section */
		EFC98AA71C8D74CE00C71F14 /* ZGRefresh */ = {
			isa = PBXNativeTarget;
			buildConfigurationList = EFC98AD51C8D74CF00C71F14 /* Build configuration list for PBXNativeTarget "ZGRefresh" */;
			buildPhases = (
				EFC98AA41C8D74CE00C71F14 /* Sources */,
				EFC98AA51C8D74CE00C71F14 /* Frameworks */,
				EFC98AA61C8D74CE00C71F14 /* Resources */,
			);
			buildRules = (
			);
			dependencies = (
			);
			name = ZGRefresh;
			productName = ZGRefresh;
			productReference = EFC98AA81C8D74CF00C71F14 /* ZGRefresh.app */;
			productType = "com.apple.product-type.application";
		};
		EFC98AC01C8D74CF00C71F14 /* ZGRefreshTests */ = {
			isa = PBXNativeTarget;
			buildConfigurationList = EFC98AD81C8D74CF00C71F14 /* Build configuration list for PBXNativeTarget "ZGRefreshTests" */;
			buildPhases = (
				EFC98ABD1C8D74CF00C71F14 /* Sources */,
				EFC98ABE1C8D74CF00C71F14 /* Frameworks */,
				EFC98ABF1C8D74CF00C71F14 /* Resources */,
			);
			buildRules = (
			);
			dependencies = (
				EFC98AC31C8D74CF00C71F14 /* PBXTargetDependency */,
			);
			name = ZGRefreshTests;
			productName = ZGRefreshTests;
			productReference = EFC98AC11C8D74CF00C71F14 /* ZGRefreshTests.xctest */;
			productType = "com.apple.product-type.bundle.unit-test";
		};
		EFC98ACB1C8D74CF00C71F14 /* ZGRefreshUITests */ = {
			isa = PBXNativeTarget;
			buildConfigurationList = EFC98ADB1C8D74CF00C71F14 /* Build configuration list for PBXNativeTarget "ZGRefreshUITests" */;
			buildPhases = (
				EFC98AC81C8D74CF00C71F14 /* Sources */,
				EFC98AC91C8D74CF00C71F14 /* Frameworks */,
				EFC98ACA1C8D74CF00C71F14 /* Resources */,
			);
			buildRules = (
			);
			dependencies = (
				EFC98ACE1C8D74CF00C71F14 /* PBXTargetDependency */,
			);
			name = ZGRefreshUITests;
			productName = ZGRefreshUITests;
			productReference = EFC98ACC1C8D74CF00C71F14 /* ZGRefreshUITests.xctest */;
			productType = "com.apple.product-type.bundle.ui-testing";
		};
/* End PBXNativeTarget section */

/* Begin PBXProject section */
		EFC98AA01C8D74CE00C71F14 /* Project object */ = {
			isa = PBXProject;
			attributes = {
				LastUpgradeCheck = 0720;
				ORGANIZATIONNAME = Zong;
				TargetAttributes = {
					EFC98AA71C8D74CE00C71F14 = {
						CreatedOnToolsVersion = 7.2;
					};
					EFC98AC01C8D74CF00C71F14 = {
						CreatedOnToolsVersion = 7.2;
						TestTargetID = EFC98AA71C8D74CE00C71F14;
					};
					EFC98ACB1C8D74CF00C71F14 = {
						CreatedOnToolsVersion = 7.2;
						TestTargetID = EFC98AA71C8D74CE00C71F14;
					};
				};
			};
			buildConfigurationList = EFC98AA31C8D74CE00C71F14 /* Build configuration list for PBXProject "ZGRefresh" */;
			compatibilityVersion = "Xcode 3.2";
			developmentRegion = English;
			hasScannedForEncodings = 0;
			knownRegions = (
				en,
				Base,
			);
			mainGroup = EFC98A9F1C8D74CE00C71F14;
			productRefGroup = EFC98AA91C8D74CF00C71F14 /* Products */;
			projectDirPath = "";
			projectRoot = "";
			targets = (
				EFC98AA71C8D74CE00C71F14 /* ZGRefresh */,
				EFC98AC01C8D74CF00C71F14 /* ZGRefreshTests */,
				EFC98ACB1C8D74CF00C71F14 /* ZGRefreshUITests */,
			);
		};
/* End PBXProject section */

/* Begin PBXResourcesBuildPhase section */
		EFC98AA61C8D74CE00C71F14 /* Resources */ = {
			isa = PBXResourcesBuildPhase;
			buildActionMask = 2147483647;
			files = (
				EFC98ABB1C8D74CF00C71F14 /* LaunchScreen.storyboard in Resources */,
				EFC98AB81C8D74CF00C71F14 /* Assets.xcassets in Resources */,
				EFC98AB61C8D74CF00C71F14 /* Main.storyboard in Resources */,
			);
			runOnlyForDeploymentPostprocessing = 0;
		};
		EFC98ABF1C8D74CF00C71F14 /* Resources */ = {
			isa = PBXResourcesBuildPhase;
			buildActionMask = 2147483647;
			files = (
			);
			runOnlyForDeploymentPostprocessing = 0;
		};
		EFC98ACA1C8D74CF00C71F14 /* Resources */ = {
			isa = PBXResourcesBuildPhase;
			buildActionMask = 2147483647;
			files = (
			);
			runOnlyForDeploymentPostprocessing = 0;
		};
/* End PBXResourcesBuildPhase section */

/* Begin PBXSourcesBuildPhase section */
		EFC98AA41C8D74CE00C71F14 /* Sources */ = {
			isa = PBXSourcesBuildPhase;
			buildActionMask = 2147483647;
			files = (
				EFA79B3F1C8E66A700803820 /* ZGRefreshHeaderView.m in Sources */,
				EFA79B421C8E66B800803820 /* ZGRefreshFooterView.m in Sources */,
				EFC98AE51C8D8EC600C71F14 /* ZGTableView.m in Sources */,
				EFC98AB31C8D74CF00C71F14 /* ViewController.m in Sources */,
				EFC98AB01C8D74CF00C71F14 /* AppDelegate.m in Sources */,
				EFC98AE21C8D83EB00C71F14 /* UITableView+ZGRefresh.m in Sources */,
				EFC98AAD1C8D74CF00C71F14 /* main.m in Sources */,
			);
			runOnlyForDeploymentPostprocessing = 0;
		};
		EFC98ABD1C8D74CF00C71F14 /* Sources */ = {
			isa = PBXSourcesBuildPhase;
			buildActionMask = 2147483647;
			files = (
				EFC98AC61C8D74CF00C71F14 /* ZGRefreshTests.m in Sources */,
			);
			runOnlyForDeploymentPostprocessing = 0;
		};
		EFC98AC81C8D74CF00C71F14 /* Sources */ = {
			isa = PBXSourcesBuildPhase;
			buildActionMask = 2147483647;
			files = (
				EFC98AD11C8D74CF00C71F14 /* ZGRefreshUITests.m in Sources */,
			);
			runOnlyForDeploymentPostprocessing = 0;
		};
/* End PBXSourcesBuildPhase section */

/* Begin PBXTargetDependency section */
		EFC98AC31C8D74CF00C71F14 /* PBXTargetDependency */ = {
			isa = PBXTargetDependency;
			target = EFC98AA71C8D74CE00C71F14 /* ZGRefresh */;
			targetProxy = EFC98AC21C8D74CF00C71F14 /* PBXContainerItemProxy */;
		};
		EFC98ACE1C8D74CF00C71F14 /* PBXTargetDependency */ = {
			isa = PBXTargetDependency;
			target = EFC98AA71C8D74CE00C71F14 /* ZGRefresh */;
			targetProxy = EFC98ACD1C8D74CF00C71F14 /* PBXContainerItemProxy */;
		};
/* End PBXTargetDependency section */

/* Begin PBXVariantGroup section */
		EFC98AB41C8D74CF00C71F14 /* Main.storyboard */ = {
			isa = PBXVariantGroup;
			children = (
				EFC98AB51C8D74CF00C71F14 /* Base */,
			);
			name = Main.storyboard;
			sourceTree = "<group>";
		};
		EFC98AB91C8D74CF00C71F14 /* LaunchScreen.storyboard */ = {
			isa = PBXVariantGroup;
			children = (
				EFC98ABA1C8D74CF00C71F14 /* Base */,
			);
			name = LaunchScreen.storyboard;
			sourceTree = "<group>";
		};
/* End PBXVariantGroup section */

/* Begin XCBuildConfiguration section */
		EFC98AD31C8D74CF00C71F14 /* Debug */ = {
			isa = XCBuildConfiguration;
			buildSettings = {
				ALWAYS_SEARCH_USER_PATHS = NO;
				CLANG_CXX_LANGUAGE_STANDARD = "gnu++0x";
				CLANG_CXX_LIBRARY = "libc++";
				CLANG_ENABLE_MODULES = YES;
				CLANG_ENABLE_OBJC_ARC = YES;
				CLANG_WARN_BOOL_CONVERSION = YES;
				CLANG_WARN_CONSTANT_CONVERSION = YES;
				CLANG_WARN_DIRECT_OBJC_ISA_USAGE = YES_ERROR;
				CLANG_WARN_EMPTY_BODY = YES;
				CLANG_WARN_ENUM_CONVERSION = YES;
				CLANG_WARN_INT_CONVERSION = YES;
				CLANG_WARN_OBJC_ROOT_CLASS = YES_ERROR;
				CLANG_WARN_UNREACHABLE_CODE = YES;
				CLANG_WARN__DUPLICATE_METHOD_MATCH = YES;
				"CODE_SIGN_IDENTITY[sdk=iphoneos*]" = "iPhone Developer";
				COPY_PHASE_STRIP = NO;
				DEBUG_INFORMATION_FORMAT = dwarf;
				ENABLE_STRICT_OBJC_MSGSEND = YES;
				ENABLE_TESTABILITY = YES;
				GCC_C_LANGUAGE_STANDARD = gnu99;
				GCC_DYNAMIC_NO_PIC = NO;
				GCC_NO_COMMON_BLOCKS = YES;
				GCC_OPTIMIZATION_LEVEL = 0;
				GCC_PREPROCESSOR_DEFINITIONS = (
					"DEBUG=1",
					"$(inherited)",
				);
				GCC_WARN_64_TO_32_BIT_CONVERSION = YES;
				GCC_WARN_ABOUT_RETURN_TYPE = YES_ERROR;
				GCC_WARN_UNDECLARED_SELECTOR = YES;
				GCC_WARN_UNINITIALIZED_AUTOS = YES_AGGRESSIVE;
				GCC_WARN_UNUSED_FUNCTION = YES;
				GCC_WARN_UNUSED_VARIABLE = YES;
				IPHONEOS_DEPLOYMENT_TARGET = 9.2;
				MTL_ENABLE_DEBUG_INFO = YES;
				ONLY_ACTIVE_ARCH = YES;
				SDKROOT = iphoneos;
				TARGETED_DEVICE_FAMILY = "1,2";
			};
			name = Debug;
		};
		EFC98AD41C8D74CF00C71F14 /* Release */ = {
			isa = XCBuildConfiguration;
			buildSettings = {
				ALWAYS_SEARCH_USER_PATHS = NO;
				CLANG_CXX_LANGUAGE_STANDARD = "gnu++0x";
				CLANG_CXX_LIBRARY = "libc++";
				CLANG_ENABLE_MODULES = YES;
				CLANG_ENABLE_OBJC_ARC = YES;
				CLANG_WARN_BOOL_CONVERSION = YES;
				CLANG_WARN_CONSTANT_CONVERSION = YES;
				CLANG_WARN_DIRECT_OBJC_ISA_USAGE = YES_ERROR;
				CLANG_WARN_EMPTY_BODY = YES;
				CLANG_WARN_ENUM_CONVERSION = YES;
				CLANG_WARN_INT_CONVERSION = YES;
				CLANG_WARN_OBJC_ROOT_CLASS = YES_ERROR;
				CLANG_WARN_UNREACHABLE_CODE = YES;
				CLANG_WARN__DUPLICATE_METHOD_MATCH = YES;
				"CODE_SIGN_IDENTITY[sdk=iphoneos*]" = "iPhone Developer";
				COPY_PHASE_STRIP = NO;
				DEBUG_INFORMATION_FORMAT = "dwarf-with-dsym";
				ENABLE_NS_ASSERTIONS = NO;
				ENABLE_STRICT_OBJC_MSGSEND = YES;
				GCC_C_LANGUAGE_STANDARD = gnu99;
				GCC_NO_COMMON_BLOCKS = YES;
				GCC_WARN_64_TO_32_BIT_CONVERSION = YES;
				GCC_WARN_ABOUT_RETURN_TYPE = YES_ERROR;
				GCC_WARN_UNDECLARED_SELECTOR = YES;
				GCC_WARN_UNINITIALIZED_AUTOS = YES_AGGRESSIVE;
				GCC_WARN_UNUSED_FUNCTION = YES;
				GCC_WARN_UNUSED_VARIABLE = YES;
				IPHONEOS_DEPLOYMENT_TARGET = 9.2;
				MTL_ENABLE_DEBUG_INFO = NO;
				SDKROOT = iphoneos;
				TARGETED_DEVICE_FAMILY = "1,2";
				VALIDATE_PRODUCT = YES;
			};
			name = Release;
		};
		EFC98AD61C8D74CF00C71F14 /* Debug */ = {
			isa = XCBuildConfiguration;
			buildSettings = {
				ASSETCATALOG_COMPILER_APPICON_NAME = AppIcon;
				INFOPLIST_FILE = ZGRefresh/Info.plist;
				LD_RUNPATH_SEARCH_PATHS = "$(inherited) @executable_path/Frameworks";
				PRODUCT_BUNDLE_IDENTIFIER = com.Zong.ZGRefresh;
				PRODUCT_NAME = "$(TARGET_NAME)";
			};
			name = Debug;
		};
		EFC98AD71C8D74CF00C71F14 /* Release */ = {
			isa = XCBuildConfiguration;
			buildSettings = {
				ASSETCATALOG_COMPILER_APPICON_NAME = AppIcon;
				INFOPLIST_FILE = ZGRefresh/Info.plist;
				LD_RUNPATH_SEARCH_PATHS = "$(inherited) @executable_path/Frameworks";
				PRODUCT_BUNDLE_IDENTIFIER = com.Zong.ZGRefresh;
				PRODUCT_NAME = "$(TARGET_NAME)";
			};
			name = Release;
		};
		EFC98AD91C8D74CF00C71F14 /* Debug */ = {
			isa = XCBuildConfiguration;
			buildSettings = {
				BUNDLE_LOADER = "$(TEST_HOST)";
				INFOPLIST_FILE = ZGRefreshTests/Info.plist;
				LD_RUNPATH_SEARCH_PATHS = "$(inherited) @executable_path/Frameworks @loader_path/Frameworks";
				PRODUCT_BUNDLE_IDENTIFIER = com.Zong.ZGRefreshTests;
				PRODUCT_NAME = "$(TARGET_NAME)";
				TEST_HOST = "$(BUILT_PRODUCTS_DIR)/ZGRefresh.app/ZGRefresh";
			};
			name = Debug;
		};
		EFC98ADA1C8D74CF00C71F14 /* Release */ = {
			isa = XCBuildConfiguration;
			buildSettings = {
				BUNDLE_LOADER = "$(TEST_HOST)";
				INFOPLIST_FILE = ZGRefreshTests/Info.plist;
				LD_RUNPATH_SEARCH_PATHS = "$(inherited) @executable_path/Frameworks @loader_path/Frameworks";
				PRODUCT_BUNDLE_IDENTIFIER = com.Zong.ZGRefreshTests;
				PRODUCT_NAME = "$(TARGET_NAME)";
				TEST_HOST = "$(BUILT_PRODUCTS_DIR)/ZGRefresh.app/ZGRefresh";
			};
			name = Release;
		};
		EFC98ADC1C8D74CF00C71F14 /* Debug */ = {
			isa = XCBuildConfiguration;
			buildSettings = {
				INFOPLIST_FILE = ZGRefreshUITests/Info.plist;
				LD_RUNPATH_SEARCH_PATHS = "$(inherited) @executable_path/Frameworks @loader_path/Frameworks";
				PRODUCT_BUNDLE_IDENTIFIER = com.Zong.ZGRefreshUITests;
				PRODUCT_NAME = "$(TARGET_NAME)";
				TEST_TARGET_NAME = ZGRefresh;
				USES_XCTRUNNER = YES;
			};
			name = Debug;
		};
		EFC98ADD1C8D74CF00C71F14 /* Release */ = {
			isa = XCBuildConfiguration;
			buildSettings = {
				INFOPLIST_FILE = ZGRefreshUITests/Info.plist;
				LD_RUNPATH_SEARCH_PATHS = "$(inherited) @executable_path/Frameworks @loader_path/Frameworks";
				PRODUCT_BUNDLE_IDENTIFIER = com.Zong.ZGRefreshUITests;
				PRODUCT_NAME = "$(TARGET_NAME)";
				TEST_TARGET_NAME = ZGRefresh;
				USES_XCTRUNNER = YES;
			};
			name = Release;
		};
/* End XCBuildConfiguration section */

/* Begin XCConfigurationList section */
		EFC98AA31C8D74CE00C71F14 /* Build configuration list for PBXProject "ZGRefresh" */ = {
			isa = XCConfigurationList;
			buildConfigurations = (
				EFC98AD31C8D74CF00C71F14 /* Debug */,
				EFC98AD41C8D74CF00C71F14 /* Release */,
			);
			defaultConfigurationIsVisible = 0;
			defaultConfigurationName = Release;
		};
		EFC98AD51C8D74CF00C71F14 /* Build configuration list for PBXNativeTarget "ZGRefresh" */ = {
			isa = XCConfigurationList;
			buildConfigurations = (
				EFC98AD61C8D74CF00C71F14 /* Debug */,
				EFC98AD71C8D74CF00C71F14 /* Release */,
			);
			defaultConfigurationIsVisible = 0;
			defaultConfigurationName = Release;
		};
		EFC98AD81C8D74CF00C71F14 /* Build configuration list for PBXNativeTarget "ZGRefreshTests" */ = {
			isa = XCConfigurationList;
			buildConfigurations = (
				EFC98AD91C8D74CF00C71F14 /* Debug */,
				EFC98ADA1C8D74CF00C71F14 /* Release */,
			);
			defaultConfigurationIsVisible = 0;
			defaultConfigurationName = Release;
		};
		EFC98ADB1C8D74CF00C71F14 /* Build configuration list for PBXNativeTarget "ZGRefreshUITests" */ = {
			isa = XCConfigurationList;
			buildConfigurations = (
				EFC98ADC1C8D74CF00C71F14 /* Debug */,
				EFC98ADD1C8D74CF00C71F14 /* Release */,
			);
			defaultConfigurationIsVisible = 0;
			defaultConfigurationName = Release;
		};
/* End XCConfigurationList section */
	};
	rootObject = EFC98AA01C8D74CE00C71F14 /* Project object */;
}
